
Microsoft Visual Studio Solution File, Format Version 12.00
# Visual Studio 15
VisualStudioVersion = 15.0.28307.329
MinimumVisualStudioVersion = 10.0.40219.1
Project("{FAE04EC0-301F-11D3-BF4B-00C04F79EFBC}") = "Application 1", "Application 1\Application 1.csproj", "{E7E9A4EE-D09B-47B3-A667-928EAE38FEB8}"
EndProject
Global
	GlobalSection(SolutionConfigurationPlatforms) = preSolution
		Debug|Any CPU = Debug|Any CPU
		Release|Any CPU = Release|Any CPU
	EndGlobalSection
	GlobalSection(ProjectConfigurationPlatforms) = postSolution
		{E7E9A4EE-D09B-47B3-A667-928EAE38FEB8}.Debug|Any CPU.ActiveCfg = Debug|Any CPU
		{E7E9A4EE-D09B-47B3-A667-928EAE38FEB8}.Debug|Any CPU.Build.0 = Debug|Any CPU
		{E7E9A4EE-D09B-47B3-A667-928EAE38FEB8}.Release|Any CPU.ActiveCfg = Release|Any CPU
		{E7E9A4EE-D09B-47B3-A667-928EAE38FEB8}.Release|Any CPU.Build.0 = Release|Any CPU
	EndGlobalSection
	GlobalSection(SolutionProperties) = preSolution
		HideSolutionNode = FALSE
	EndGlobalSection
	GlobalSection(ExtensibilityGlobals) = postSolution
		SolutionGuid = {A4ED1DD2-9AF8-4F03-AC29-93E75261D999}
	EndGlobalSection
EndGlobal
